
Microsoft Visual Studio Solution File, Format Version 12.00
# Visual Studio Version 17
VisualStudioVersion = 17.10.34916.146
MinimumVisualStudioVersion = 10.0.40219.1
Project("{9A19103F-16F7-4668-BE54-9A1E7A4F7556}") = "AsyncBreakfast", "AppAsyncronous\AsyncBreakfast.csproj", "{535BCB75-3379-4324-9751-B9F3DDC550D9}"
EndProject
Project("{9A19103F-16F7-4668-BE54-9A1E7A4F7556}") = "Models", "Models\Models.csproj", "{7579E236-CDB7-47B6-8D46-39511BD9D9BB}"
EndProject
Global
	GlobalSection(SolutionConfigurationPlatforms) = preSolution
		Debug|Any CPU = Debug|Any CPU
		Release|Any CPU = Release|Any CPU
	EndGlobalSection
	GlobalSection(ProjectConfigurationPlatforms) = postSolution
		{535BCB75-3379-4324-9751-B9F3DDC550D9}.Debug|Any CPU.ActiveCfg = Debug|Any CPU
		{535BCB75-3379-4324-9751-B9F3DDC550D9}.Debug|Any CPU.Build.0 = Debug|Any CPU
		{535BCB75-3379-4324-9751-B9F3DDC550D9}.Release|Any CPU.ActiveCfg = Release|Any CPU
		{535BCB75-3379-4324-9751-B9F3DDC550D9}.Release|Any CPU.Build.0 = Release|Any CPU
		{7579E236-CDB7-47B6-8D46-39511BD9D9BB}.Debug|Any CPU.ActiveCfg = Debug|Any CPU
		{7579E236-CDB7-47B6-8D46-39511BD9D9BB}.Debug|Any CPU.Build.0 = Debug|Any CPU
		{7579E236-CDB7-47B6-8D46-39511BD9D9BB}.Release|Any CPU.ActiveCfg = Release|Any CPU
		{7579E236-CDB7-47B6-8D46-39511BD9D9BB}.Release|Any CPU.Build.0 = Release|Any CPU
	EndGlobalSection
	GlobalSection(SolutionProperties) = preSolution
		HideSolutionNode = FALSE
	EndGlobalSection
	GlobalSection(ExtensibilityGlobals) = postSolution
		SolutionGuid = {DA842FC1-1D52-4192-A841-C57F173D7A98}
	EndGlobalSection
EndGlobal
